
Microsoft Visual Studio Solution File, Format Version 12.00
# Visual Studio Version 16
VisualStudioVersion = 16.0.31410.357
MinimumVisualStudioVersion = 10.0.40219.1
Project("{FAE04EC0-301F-11D3-BF4B-00C04F79EFBC}") = "QuoteGenerator", "QuoteGenerator\QuoteGenerator.csproj", "{3858A987-39A6-4FB6-91A6-4F719EC4E88B}"
EndProject
Global
	GlobalSection(SolutionConfigurationPlatforms) = preSolution
		Debug|Any CPU = Debug|Any CPU
		Release|Any CPU = Release|Any CPU
	EndGlobalSection
	GlobalSection(ProjectConfigurationPlatforms) = postSolution
		{3858A987-39A6-4FB6-91A6-4F719EC4E88B}.Debug|Any CPU.ActiveCfg = Debug|Any CPU
		{3858A987-39A6-4FB6-91A6-4F719EC4E88B}.Debug|Any CPU.Build.0 = Debug|Any CPU
		{3858A987-39A6-4FB6-91A6-4F719EC4E88B}.Release|Any CPU.ActiveCfg = Release|Any CPU
		{3858A987-39A6-4FB6-91A6-4F719EC4E88B}.Release|Any CPU.Build.0 = Release|Any CPU
	EndGlobalSection
	GlobalSection(SolutionProperties) = preSolution
		HideSolutionNode = FALSE
	EndGlobalSection
	GlobalSection(ExtensibilityGlobals) = postSolution
		SolutionGuid = {677ACC0D-1152-4B82-BFC6-19B855364BF4}
	EndGlobalSection
EndGlobal
